# THIS IS AN AUTOGENERATED FILE. DO NOT EDIT THIS FILE DIRECTLY.
# yarn lockfile v1

# This is a placeholder yarn.lock file for GitHub Actions CI
# It will be regenerated during the CI build process

"@expo/vector-icons@^14.1.0":
  version "14.1.0"
  resolved "https://registry.yarnpkg.com/@expo/vector-icons/-/vector-icons-14.1.0.tgz"
  integrity sha512-DNIO8mxJ/vxHbjcb3cZ2t9aQbRzNbzPZI6DKFA8Ae3IRf7Ef0BMkMea9/yRHmzUd1cHdDWsYQW4L8A8qp7zXLQ==

"react@19.0.0":
  version "19.0.0"
  resolved "https://registry.yarnpkg.com/react/-/react-19.0.0.tgz"
  integrity sha512-Zu+lOvjMyhf89b78QHSZfncg1UiQCKsyPmPIcTZQYyRl3w2HvmXjc9V8IpRqhKoSc54+KRoO2hIslCGmwNLu9w==
  dependencies:
    "loose-envify" "^1.1.0"
